
Microsoft Visual Studio Solution File, Format Version 12.00
# Visual Studio Version 17
VisualStudioVersion = 17.2.32602.215
MinimumVisualStudioVersion = 10.0.40219.1
Project("{9A19103F-16F7-4668-BE54-9A1E7A4F7556}") = "Account.API", "Account.API\Account.API.csproj", "{7492B0DB-CB75-4696-A7CC-23C8476B51CD}"
EndProject
Project("{9A19103F-16F7-4668-BE54-9A1E7A4F7556}") = "Account.Application", "Account.Application\Account.Application.csproj", "{D9C37A6E-BFCD-4CDF-8E79-F14CDA19A3A2}"
EndProject
Project("{2150E333-8FDC-42A3-9474-1A3956D46DE8}") = "Solution Items", "Solution Items", "{3477FE0F-F813-4285-B6ED-7D84327CDC5C}"
	ProjectSection(SolutionItems) = preProject
		.editorconfig = .editorconfig
	EndProjectSection
EndProject
Project("{9A19103F-16F7-4668-BE54-9A1E7A4F7556}") = "Account.Infrastructure", "Account.Infrastructure\Account.Infrastructure.csproj", "{96D1EF24-B18D-4DE0-B9C1-E998CD3C0304}"
EndProject
Project("{9A19103F-16F7-4668-BE54-9A1E7A4F7556}") = "Shared.Data", "Shared.Data\Shared.Data.csproj", "{3C8F168A-026D-49DA-9C6F-BF7359298EF7}"
EndProject
Project("{9A19103F-16F7-4668-BE54-9A1E7A4F7556}") = "Shared.ExternalServices", "Shared.ExternalServices\Shared.ExternalServices.csproj", "{4A094489-2A4A-4B67-9C0F-6DEF2317F7DD}"
EndProject
Project("{9A19103F-16F7-4668-BE54-9A1E7A4F7556}") = "Shared.Utilities", "Shared.Utilities\Shared.Utilities.csproj", "{AB7D7226-E8C5-4E6D-A706-93B158581978}"
EndProject
Global
	GlobalSection(SolutionConfigurationPlatforms) = preSolution
		Debug|Any CPU = Debug|Any CPU
		Release|Any CPU = Release|Any CPU
	EndGlobalSection
	GlobalSection(ProjectConfigurationPlatforms) = postSolution
		{7492B0DB-CB75-4696-A7CC-23C8476B51CD}.Debug|Any CPU.ActiveCfg = Debug|Any CPU
		{7492B0DB-CB75-4696-A7CC-23C8476B51CD}.Debug|Any CPU.Build.0 = Debug|Any CPU
		{7492B0DB-CB75-4696-A7CC-23C8476B51CD}.Release|Any CPU.ActiveCfg = Release|Any CPU
		{7492B0DB-CB75-4696-A7CC-23C8476B51CD}.Release|Any CPU.Build.0 = Release|Any CPU
		{D9C37A6E-BFCD-4CDF-8E79-F14CDA19A3A2}.Debug|Any CPU.ActiveCfg = Debug|Any CPU
		{D9C37A6E-BFCD-4CDF-8E79-F14CDA19A3A2}.Debug|Any CPU.Build.0 = Debug|Any CPU
		{D9C37A6E-BFCD-4CDF-8E79-F14CDA19A3A2}.Release|Any CPU.ActiveCfg = Release|Any CPU
		{D9C37A6E-BFCD-4CDF-8E79-F14CDA19A3A2}.Release|Any CPU.Build.0 = Release|Any CPU
		{96D1EF24-B18D-4DE0-B9C1-E998CD3C0304}.Debug|Any CPU.ActiveCfg = Debug|Any CPU
		{96D1EF24-B18D-4DE0-B9C1-E998CD3C0304}.Debug|Any CPU.Build.0 = Debug|Any CPU
		{96D1EF24-B18D-4DE0-B9C1-E998CD3C0304}.Release|Any CPU.ActiveCfg = Release|Any CPU
		{96D1EF24-B18D-4DE0-B9C1-E998CD3C0304}.Release|Any CPU.Build.0 = Release|Any CPU
		{3C8F168A-026D-49DA-9C6F-BF7359298EF7}.Debug|Any CPU.ActiveCfg = Debug|Any CPU
		{3C8F168A-026D-49DA-9C6F-BF7359298EF7}.Debug|Any CPU.Build.0 = Debug|Any CPU
		{3C8F168A-026D-49DA-9C6F-BF7359298EF7}.Release|Any CPU.ActiveCfg = Release|Any CPU
		{3C8F168A-026D-49DA-9C6F-BF7359298EF7}.Release|Any CPU.Build.0 = Release|Any CPU
		{4A094489-2A4A-4B67-9C0F-6DEF2317F7DD}.Debug|Any CPU.ActiveCfg = Debug|Any CPU
		{4A094489-2A4A-4B67-9C0F-6DEF2317F7DD}.Debug|Any CPU.Build.0 = Debug|Any CPU
		{4A094489-2A4A-4B67-9C0F-6DEF2317F7DD}.Release|Any CPU.ActiveCfg = Release|Any CPU
		{4A094489-2A4A-4B67-9C0F-6DEF2317F7DD}.Release|Any CPU.Build.0 = Release|Any CPU
		{AB7D7226-E8C5-4E6D-A706-93B158581978}.Debug|Any CPU.ActiveCfg = Debug|Any CPU
		{AB7D7226-E8C5-4E6D-A706-93B158581978}.Debug|Any CPU.Build.0 = Debug|Any CPU
		{AB7D7226-E8C5-4E6D-A706-93B158581978}.Release|Any CPU.ActiveCfg = Release|Any CPU
		{AB7D7226-E8C5-4E6D-A706-93B158581978}.Release|Any CPU.Build.0 = Release|Any CPU
	EndGlobalSection
	GlobalSection(SolutionProperties) = preSolution
		HideSolutionNode = FALSE
	EndGlobalSection
	GlobalSection(ExtensibilityGlobals) = postSolution
		SolutionGuid = {6ACE87EA-82B1-43E8-916D-A2B66ADBBF69}
	EndGlobalSection
EndGlobal
